
Microsoft Visual Studio Solution File, Format Version 12.00
Project("{FAE04EC0-301F-11D3-BF4B-00C04F79EFBC}") = "SecretVault.Api", "SecretVault.Api\SecretVault.Api.csproj", "{1DB167A6-40E7-4982-A15C-9DFC93F53F98}"
EndProject
Project("{FAE04EC0-301F-11D3-BF4B-00C04F79EFBC}") = "SecretVault.Domain", "SecretVault.Domain\SecretVault.Domain.csproj", "{4BDCA58D-FAFE-4AA3-AB62-703BD8923E02}"
EndProject
Project("{FAE04EC0-301F-11D3-BF4B-00C04F79EFBC}") = "SecretVault.Application", "SecretVault.Application\SecretVault.Application.csproj", "{A8FB7153-CC14-4A4C-871F-F9586652EFAC}"
EndProject
Project("{FAE04EC0-301F-11D3-BF4B-00C04F79EFBC}") = "SecretVault.Infrastructure", "SecretVault.Infrastructure\SecretVault.Infrastructure.csproj", "{CACD0D87-DDE8-4AD7-8F83-8243A6A1E149}"
EndProject
Global
	GlobalSection(SolutionConfigurationPlatforms) = preSolution
		Debug|Any CPU = Debug|Any CPU
		Release|Any CPU = Release|Any CPU
	EndGlobalSection
	GlobalSection(ProjectConfigurationPlatforms) = postSolution
		{1DB167A6-40E7-4982-A15C-9DFC93F53F98}.Debug|Any CPU.ActiveCfg = Debug|Any CPU
		{1DB167A6-40E7-4982-A15C-9DFC93F53F98}.Debug|Any CPU.Build.0 = Debug|Any CPU
		{1DB167A6-40E7-4982-A15C-9DFC93F53F98}.Release|Any CPU.ActiveCfg = Release|Any CPU
		{1DB167A6-40E7-4982-A15C-9DFC93F53F98}.Release|Any CPU.Build.0 = Release|Any CPU
		{4BDCA58D-FAFE-4AA3-AB62-703BD8923E02}.Debug|Any CPU.ActiveCfg = Debug|Any CPU
		{4BDCA58D-FAFE-4AA3-AB62-703BD8923E02}.Debug|Any CPU.Build.0 = Debug|Any CPU
		{4BDCA58D-FAFE-4AA3-AB62-703BD8923E02}.Release|Any CPU.ActiveCfg = Release|Any CPU
		{4BDCA58D-FAFE-4AA3-AB62-703BD8923E02}.Release|Any CPU.Build.0 = Release|Any CPU
		{A8FB7153-CC14-4A4C-871F-F9586652EFAC}.Debug|Any CPU.ActiveCfg = Debug|Any CPU
		{A8FB7153-CC14-4A4C-871F-F9586652EFAC}.Debug|Any CPU.Build.0 = Debug|Any CPU
		{A8FB7153-CC14-4A4C-871F-F9586652EFAC}.Release|Any CPU.ActiveCfg = Release|Any CPU
		{A8FB7153-CC14-4A4C-871F-F9586652EFAC}.Release|Any CPU.Build.0 = Release|Any CPU
		{CACD0D87-DDE8-4AD7-8F83-8243A6A1E149}.Debug|Any CPU.ActiveCfg = Debug|Any CPU
		{CACD0D87-DDE8-4AD7-8F83-8243A6A1E149}.Debug|Any CPU.Build.0 = Debug|Any CPU
		{CACD0D87-DDE8-4AD7-8F83-8243A6A1E149}.Release|Any CPU.ActiveCfg = Release|Any CPU
		{CACD0D87-DDE8-4AD7-8F83-8243A6A1E149}.Release|Any CPU.Build.0 = Release|Any CPU
	EndGlobalSection
EndGlobal
